// !$*UTF8*$!
{
	archiveVersion = 1;
	classes = {
	};
	objectVersion = 52;
	objects = {

/* Begin PBXBuildFile section */
		0207DA581B56EA530066E2B4 /* Images.xcassets in Resources */ = {isa = PBXBuildFile; fileRef = 0207DA571B56EA530066E2B4 /* Images.xcassets */; };
		02B1EB15E2CD42F58A1553DE /* QuartzCore.framework in Frameworks */ = {isa = PBXBuildFile; fileRef = F9E22F377E524D0980C8DB74 /* QuartzCore.framework */; };
		035C86C6B9EE46F3B07F142E /* libz.dylib in Frameworks */ = {isa = PBXBuildFile; fileRef = B974B87B57114A9AA5F054BA /* libz.dylib */; settings = {ATTRIBUTES = (Weak, ); }; };
		0C885356DB55427BB3B7D500 /* CDVStatusBar.m in Sources */ = {isa = PBXBuildFile; fileRef = 7CD04A7ADAB04307B1880709 /* CDVStatusBar.m */; };
		0DE4E8C3A32F4BA0A6275D4C /* CoreLocation.framework in Frameworks */ = {isa = PBXBuildFile; fileRef = 7D45360F1BFB4BF48940A941 /* CoreLocation.framework */; };
		1751AFCEB89B41D393BA9E1A /* libz.tbd in Frameworks */ = {isa = PBXBuildFile; fileRef = B725357AE1F54BB1AF99ED9D /* libz.tbd */; settings = {ATTRIBUTES = (Weak, ); }; };
		1D3623260D0F684500981E51 /* AppDelegate.m in Sources */ = {isa = PBXBuildFile; fileRef = 1D3623250D0F684500981E51 /* AppDelegate.m */; };
		1D60589B0D05DD56006BFB54 /* main.m in Sources */ = {isa = PBXBuildFile; fileRef = 29B97316FDCFA39411CA2CEA /* main.m */; };
		1F3B062D0EB049D28E0ED0C9 /* CoreImage.framework in Frameworks */ = {isa = PBXBuildFile; fileRef = EA4E33EE5E584A8E90CDB03A /* CoreImage.framework */; };
		1FD223560163362057BCE9F6 /* libPods-Lisa Obesidade.a in Frameworks */ = {isa = PBXBuildFile; fileRef = BAABC0B8D44024F14B521F73 /* libPods-Lisa Obesidade.a */; };
		21A111EEFB584FB1AC76B78C /* GoogleSignIn.framework in Frameworks */ = {isa = PBXBuildFile; fileRef = E232A9AB93F94AECA22A0475 /* GoogleSignIn.framework */; };
		22ED2D1F09EA4BF0BDD35469 /* PECropRectView.m in Sources */ = {isa = PBXBuildFile; fileRef = A686E6E8B0B4485490FED1FB /* PECropRectView.m */; };
		2314E28FF392404797EA8C96 /* PEPhotoCropEditor.bundle in Resources */ = {isa = PBXBuildFile; fileRef = C27E7D6617E44572AEB318F8 /* PEPhotoCropEditor.bundle */; };
		2ADB53A589B64F5CA7DF7C3F /* CoreVideo.framework in Frameworks */ = {isa = PBXBuildFile; fileRef = 339ECDA3907740A88D2E6540 /* CoreVideo.framework */; };
		301BF552109A68D80062928A /* libCordova.a in Frameworks */ = {isa = PBXBuildFile; fileRef = 301BF535109A57CC0062928A /* libCordova.a */; settings = {ATTRIBUTES = (Required, ); }; };
		302D95F114D2391D003F00A1 /* MainViewController.m in Sources */ = {isa = PBXBuildFile; fileRef = 302D95EF14D2391D003F00A1 /* MainViewController.m */; };
		302D95F214D2391D003F00A1 /* MainViewController.xib in Resources */ = {isa = PBXBuildFile; fileRef = 302D95F014D2391D003F00A1 /* MainViewController.xib */; };
		3096A6229D4146519A65E9D0 /* CameraSessionManager.m in Sources */ = {isa = PBXBuildFile; fileRef = 9A7CE2876A6445399A641347 /* CameraSessionManager.m */; };
		366E0F65647F42758C3748EC /* CoreText.framework in Frameworks */ = {isa = PBXBuildFile; fileRef = 14F0A7C8C0D645A58B503A1B /* CoreText.framework */; settings = {ATTRIBUTES = (Weak, ); }; };
		4460BBA1DCB842ABA8A358F6 /* TemperatureAndTint.m in Sources */ = {isa = PBXBuildFile; fileRef = B983A8AE29864B94AECFD9E1 /* TemperatureAndTint.m */; };
		5997E21CF06C47D8BC48B6DF /* GoogleUtilities.framework in Frameworks */ = {isa = PBXBuildFile; fileRef = 77634DD2D46D40EB888EE013 /* GoogleUtilities.framework */; };
		660BC778982841E5BD5B414F /* GoogleAppUtilities.framework in Frameworks */ = {isa = PBXBuildFile; fileRef = DF0023504F8742CA9F1B76E7 /* GoogleAppUtilities.framework */; };
		6724815270A347219087EE2A /* GooglePlus.m in Sources */ = {isa = PBXBuildFile; fileRef = EB39FE8782454123B0509C5F /* GooglePlus.m */; };
		6AFF5BF91D6E424B00AB3073 /* CDVLaunchScreen.storyboard in Resources */ = {isa = PBXBuildFile; fileRef = 6AFF5BF81D6E424B00AB3073 /* CDVLaunchScreen.storyboard */; };
		72BF398FCC7A4789BAB24F33 /* CDVJpegHeaderWriter.m in Sources */ = {isa = PBXBuildFile; fileRef = 9AC0AB1344F84C19A641842E /* CDVJpegHeaderWriter.m */; };
		73BBCCCA47B7403581E81E91 /* GLKit.framework in Frameworks */ = {isa = PBXBuildFile; fileRef = 4F45D6764F284EBFA27D95A8 /* GLKit.framework */; };
		75FB4E1C7752450DA6EB2C72 /* GoogleSymbolUtilities.framework in Frameworks */ = {isa = PBXBuildFile; fileRef = DF956BF1ADBD4290963640C7 /* GoogleSymbolUtilities.framework */; };
		76244023789C490DB7F664DF /* CameraRenderController.m in Sources */ = {isa = PBXBuildFile; fileRef = 3FBE8D6557F8421595CF9C43 /* CameraRenderController.m */; };
		77FAF95BF0474071872CA3D4 /* PECropViewController.m in Sources */ = {isa = PBXBuildFile; fileRef = 58F6A35522DF4203A7502DFD /* PECropViewController.m */; };
		78A842F4E6F64396A2F3A28B /* OpenGLES.framework in Frameworks */ = {isa = PBXBuildFile; fileRef = 20A1ADFE91494341B1BD6F8F /* OpenGLES.framework */; };
		82432A4DD1A24D0882DB729D /* IONAssetHandler.m in Sources */ = {isa = PBXBuildFile; fileRef = 82F0AF131A704447A3EB2292 /* IONAssetHandler.m */; };
		88CAD78F125141BA8106C67B /* GoogleNetworkingUtilities.framework in Frameworks */ = {isa = PBXBuildFile; fileRef = C008582F364A4AF48D6FBE13 /* GoogleNetworkingUtilities.framework */; };
		89EE4AAE989A4C9B97962107 /* ImageIO.framework in Frameworks */ = {isa = PBXBuildFile; fileRef = 2BD8D862C9D447CFAEC41334 /* ImageIO.framework */; settings = {ATTRIBUTES = (Weak, ); }; };
		8CD3574ECD354A62973FF5B2 /* PEResizeControl.m in Sources */ = {isa = PBXBuildFile; fileRef = 93DC30F2CB094D3DBA22BC0D /* PEResizeControl.m */; };
		926CBC48CEC44E96B72231BA /* WebKit.framework in Frameworks */ = {isa = PBXBuildFile; fileRef = 31AD97D7BC0C443983809490 /* WebKit.framework */; settings = {ATTRIBUTES = (Weak, ); }; };
		9379CCDC1F924747847858EA /* SafariServices.framework in Frameworks */ = {isa = PBXBuildFile; fileRef = 959584406768480CAFDF0B81 /* SafariServices.framework */; settings = {ATTRIBUTES = (Weak, ); }; };
		9FF07D8536694B35B139D336 /* Lisa Obesidade.entitlements in Resources */ = {isa = PBXBuildFile; fileRef = B907BC76D4EF43C68A1DCD2C /* Lisa Obesidade.entitlements */; };
		ABC77BC773494A60A5AF936A /* PECropView.m in Sources */ = {isa = PBXBuildFile; fileRef = A97CC942C726404BAAA3C7A0 /* PECropView.m */; };
		AD65ADEFE8CE45D79D458959 /* CDVDevice.m in Sources */ = {isa = PBXBuildFile; fileRef = 17A62BCEDBEF44D48F26F415 /* CDVDevice.m */; };
		AE91971BB85247A685438107 /* CDVCamera.m in Sources */ = {isa = PBXBuildFile; fileRef = 07496299A3A64D99960F0E4C /* CDVCamera.m */; };
		AF4465231B61487F82E87D0B /* CDVWKProcessPoolFactory.m in Sources */ = {isa = PBXBuildFile; fileRef = 01CE3278E9104DEF9C827CA2 /* CDVWKProcessPoolFactory.m */; };
		BC5415E092ED46E387885D0A /* CameraPreview.m in Sources */ = {isa = PBXBuildFile; fileRef = A594ED36429B41E981189CB3 /* CameraPreview.m */; };
		C2735370FDAE422195689018 /* CDVWKWebViewUIDelegate.m in Sources */ = {isa = PBXBuildFile; fileRef = 6D98100351864495A7C7AB68 /* CDVWKWebViewUIDelegate.m */; };
		D3AFC11025FE41D383A00105 /* AddressBook.framework in Frameworks */ = {isa = PBXBuildFile; fileRef = 875010B2EBD34139ABC6E384 /* AddressBook.framework */; settings = {ATTRIBUTES = (Weak, ); }; };
		DA7DE78929B44D1E9E538561 /* AVFoundation.framework in Frameworks */ = {isa = PBXBuildFile; fileRef = CF820BED74874FF0B7855AEC /* AVFoundation.framework */; };
		DEA24FB9C0884FD3ACBAC723 /* CDVWKWebViewEngine.m in Sources */ = {isa = PBXBuildFile; fileRef = EFE9CC39BD5243C8B1DF93E1 /* CDVWKWebViewEngine.m */; };
		E2895BC0C2D941F2BB1436E5 /* UIImage+PECrop.m in Sources */ = {isa = PBXBuildFile; fileRef = 9396A310D4F447DD9F5A559E /* UIImage+PECrop.m */; };
		E56E53BCB5054CD08A8D363B /* UIImage+CropScaleOrientation.m in Sources */ = {isa = PBXBuildFile; fileRef = BFDD648DF244450CAA707B75 /* UIImage+CropScaleOrientation.m */; };
		E5C31763675349B2A92A9225 /* CDVIonicKeyboard.m in Sources */ = {isa = PBXBuildFile; fileRef = 3526328E318741CF9DD71678 /* CDVIonicKeyboard.m */; };
		E5DF4E6EE30E4D6B820CDD42 /* CTCrop.m in Sources */ = {isa = PBXBuildFile; fileRef = F915FCAFE0DE463BA210E2EB /* CTCrop.m */; };
		EB5D1060DF5742E1AC09FFC8 /* GoogleAuthUtilities.framework in Frameworks */ = {isa = PBXBuildFile; fileRef = 40AFEB8B14434D4CBF7045A1 /* GoogleAuthUtilities.framework */; };
		F264B4A085B142A6839AFA79 /* SystemConfiguration.framework in Frameworks */ = {isa = PBXBuildFile; fileRef = 98288C5317EA4CB59EE52468 /* SystemConfiguration.framework */; settings = {ATTRIBUTES = (Weak, ); }; };
		F29D4F743EFE46F4B0C395AE /* Security.framework in Frameworks */ = {isa = PBXBuildFile; fileRef = E3458062433646E88440D6AC /* Security.framework */; settings = {ATTRIBUTES = (Weak, ); }; };
/* End PBXBuildFile section */

/* Begin PBXContainerItemProxy section */
		301BF534109A57CC0062928A /* PBXContainerItemProxy */ = {
			isa = PBXContainerItemProxy;
			containerPortal = 301BF52D109A57CC0062928A /* CordovaLib.xcodeproj */;
			proxyType = 2;
			remoteGlobalIDString = D2AAC07E0554694100DB518D;
			remoteInfo = CordovaLib;
		};
		301BF550109A68C00062928A /* PBXContainerItemProxy */ = {
			isa = PBXContainerItemProxy;
			containerPortal = 301BF52D109A57CC0062928A /* CordovaLib.xcodeproj */;
			proxyType = 1;
			remoteGlobalIDString = D2AAC07D0554694100DB518D;
			remoteInfo = CordovaLib;
		};
		907D8123214C687600058A10 /* PBXContainerItemProxy */ = {
			isa = PBXContainerItemProxy;
			containerPortal = 301BF52D109A57CC0062928A /* CordovaLib.xcodeproj */;
			proxyType = 2;
			remoteGlobalIDString = C0C01EB21E3911D50056E6CB;
			remoteInfo = Cordova;
		};
/* End PBXContainerItemProxy section */

/* Begin PBXFileReference section */
		01CE3278E9104DEF9C827CA2 /* CDVWKProcessPoolFactory.m */ = {isa = PBXFileReference; explicitFileType = undefined; fileEncoding = 4; includeInIndex = 0; lastKnownFileType = sourcecode.c.objc; name = CDVWKProcessPoolFactory.m; path = "cordova-plugin-ionic-webview/CDVWKProcessPoolFactory.m"; sourceTree = "<group>"; };
		0207DA571B56EA530066E2B4 /* Images.xcassets */ = {isa = PBXFileReference; lastKnownFileType = folder.assetcatalog; name = Images.xcassets; path = "Lisa Obesidade/Images.xcassets"; sourceTree = SOURCE_ROOT; };
		07496299A3A64D99960F0E4C /* CDVCamera.m */ = {isa = PBXFileReference; explicitFileType = undefined; fileEncoding = 4; includeInIndex = 0; lastKnownFileType = sourcecode.c.objc; name = CDVCamera.m; path = "cordova-plugin-camera/CDVCamera.m"; sourceTree = "<group>"; };
		0EC2E22010E0490DB0ED5640 /* CameraPreview.h */ = {isa = PBXFileReference; explicitFileType = undefined; fileEncoding = 4; includeInIndex = 0; lastKnownFileType = sourcecode.c.h; name = CameraPreview.h; path = "cordova-plugin-camera-preview/CameraPreview.h"; sourceTree = "<group>"; };
		14F0A7C8C0D645A58B503A1B /* CoreText.framework */ = {isa = PBXFileReference; explicitFileType = undefined; fileEncoding = 9; includeInIndex = 0; lastKnownFileType = wrapper.framework; name = CoreText.framework; path = System/Library/Frameworks/CoreText.framework; sourceTree = SDKROOT; };
		168188872B5E4890854EC994 /* IONAssetHandler.h */ = {isa = PBXFileReference; explicitFileType = undefined; fileEncoding = 4; includeInIndex = 0; lastKnownFileType = sourcecode.c.h; name = IONAssetHandler.h; path = "cordova-plugin-ionic-webview/IONAssetHandler.h"; sourceTree = "<group>"; };
		17A62BCEDBEF44D48F26F415 /* CDVDevice.m */ = {isa = PBXFileReference; explicitFileType = undefined; fileEncoding = 4; includeInIndex = 0; lastKnownFileType = sourcecode.c.objc; name = CDVDevice.m; path = "cordova-plugin-device/CDVDevice.m"; sourceTree = "<group>"; };
		1C7F710EE51843CA9A52324A /* PECropRectView.h */ = {isa = PBXFileReference; explicitFileType = undefined; fileEncoding = 4; includeInIndex = 0; lastKnownFileType = sourcecode.c.h; name = PECropRectView.h; path = "cordova-plugin-crop/PECropRectView.h"; sourceTree = "<group>"; };
		1D3623240D0F684500981E51 /* AppDelegate.h */ = {isa = PBXFileReference; fileEncoding = 4; lastKnownFileType = sourcecode.c.h; path = AppDelegate.h; sourceTree = "<group>"; };
		1D3623250D0F684500981E51 /* AppDelegate.m */ = {isa = PBXFileReference; fileEncoding = 4; lastKnownFileType = sourcecode.c.objc; path = AppDelegate.m; sourceTree = "<group>"; };
		1D6058910D05DD3D006BFB54 /* Lisa Obesidade.app */ = {isa = PBXFileReference; explicitFileType = wrapper.application; includeInIndex = 0; path = "Lisa Obesidade.app"; sourceTree = BUILT_PRODUCTS_DIR; };
		1D6B86C5359C5AB1C8833295 /* Pods-Lisa Obesidade.debug.xcconfig */ = {isa = PBXFileReference; includeInIndex = 1; lastKnownFileType = text.xcconfig; name = "Pods-Lisa Obesidade.debug.xcconfig"; path = "Target Support Files/Pods-Lisa Obesidade/Pods-Lisa Obesidade.debug.xcconfig"; sourceTree = "<group>"; };
		20A1ADFE91494341B1BD6F8F /* OpenGLES.framework */ = {isa = PBXFileReference; explicitFileType = undefined; fileEncoding = 9; includeInIndex = 0; lastKnownFileType = wrapper.framework; name = OpenGLES.framework; path = System/Library/Frameworks/OpenGLES.framework; sourceTree = SDKROOT; };
		2193052F5BAC4B7B9BF7920F /* CDVJpegHeaderWriter.h */ = {isa = PBXFileReference; explicitFileType = undefined; fileEncoding = 4; includeInIndex = 0; lastKnownFileType = sourcecode.c.h; name = CDVJpegHeaderWriter.h; path = "cordova-plugin-camera/CDVJpegHeaderWriter.h"; sourceTree = "<group>"; };
		21BE0C5BE8E24E2E864F9C4A /* CDVCamera.h */ = {isa = PBXFileReference; explicitFileType = undefined; fileEncoding = 4; includeInIndex = 0; lastKnownFileType = sourcecode.c.h; name = CDVCamera.h; path = "cordova-plugin-camera/CDVCamera.h"; sourceTree = "<group>"; };
		29B97316FDCFA39411CA2CEA /* main.m */ = {isa = PBXFileReference; fileEncoding = 4; lastKnownFileType = sourcecode.c.objc; path = main.m; sourceTree = "<group>"; };
		2BD8D862C9D447CFAEC41334 /* ImageIO.framework */ = {isa = PBXFileReference; explicitFileType = undefined; fileEncoding = 9; includeInIndex = 0; lastKnownFileType = wrapper.framework; name = ImageIO.framework; path = System/Library/Frameworks/ImageIO.framework; sourceTree = SDKROOT; };
		2ED3A5C71FCA43D6ADD922D4 /* UIImage+CropScaleOrientation.h */ = {isa = PBXFileReference; explicitFileType = undefined; fileEncoding = 4; includeInIndex = 0; lastKnownFileType = sourcecode.c.h; name = "UIImage+CropScaleOrientation.h"; path = "cordova-plugin-camera/UIImage+CropScaleOrientation.h"; sourceTree = "<group>"; };
		301BF52D109A57CC0062928A /* CordovaLib.xcodeproj */ = {isa = PBXFileReference; lastKnownFileType = "wrapper.pb-project"; name = CordovaLib.xcodeproj; path = CordovaLib/CordovaLib.xcodeproj; sourceTree = "<group>"; };
		301BF56E109A69640062928A /* www */ = {isa = PBXFileReference; lastKnownFileType = folder; path = www; sourceTree = SOURCE_ROOT; };
		302D95EE14D2391D003F00A1 /* MainViewController.h */ = {isa = PBXFileReference; fileEncoding = 4; lastKnownFileType = sourcecode.c.h; path = MainViewController.h; sourceTree = "<group>"; };
		302D95EF14D2391D003F00A1 /* MainViewController.m */ = {isa = PBXFileReference; fileEncoding = 4; lastKnownFileType = sourcecode.c.objc; path = MainViewController.m; sourceTree = "<group>"; };
		302D95F014D2391D003F00A1 /* MainViewController.xib */ = {isa = PBXFileReference; fileEncoding = 4; lastKnownFileType = file.xib; path = MainViewController.xib; sourceTree = "<group>"; };
		3047A50F1AB8059700498E2A /* build-debug.xcconfig */ = {isa = PBXFileReference; fileEncoding = 4; lastKnownFileType = text.xcconfig; name = "build-debug.xcconfig"; path = "cordova/build-debug.xcconfig"; sourceTree = SOURCE_ROOT; };
		3047A5101AB8059700498E2A /* build-release.xcconfig */ = {isa = PBXFileReference; fileEncoding = 4; lastKnownFileType = text.xcconfig; name = "build-release.xcconfig"; path = "cordova/build-release.xcconfig"; sourceTree = SOURCE_ROOT; };
		3047A5111AB8059700498E2A /* build.xcconfig */ = {isa = PBXFileReference; fileEncoding = 4; lastKnownFileType = text.xcconfig; name = build.xcconfig; path = cordova/build.xcconfig; sourceTree = SOURCE_ROOT; };
		31AD97D7BC0C443983809490 /* WebKit.framework */ = {isa = PBXFileReference; explicitFileType = undefined; fileEncoding = 9; includeInIndex = 0; lastKnownFileType = wrapper.framework; name = WebKit.framework; path = System/Library/Frameworks/WebKit.framework; sourceTree = SDKROOT; };
		32CA4F630368D1EE00C91783 /* Lisa Obesidade-Prefix.pch */ = {isa = PBXFileReference; fileEncoding = 4; lastKnownFileType = sourcecode.c.h; path = "Lisa Obesidade-Prefix.pch"; sourceTree = "<group>"; };
		339ECDA3907740A88D2E6540 /* CoreVideo.framework */ = {isa = PBXFileReference; explicitFileType = undefined; fileEncoding = 9; includeInIndex = 0; lastKnownFileType = wrapper.framework; name = CoreVideo.framework; path = System/Library/Frameworks/CoreVideo.framework; sourceTree = SDKROOT; };
		3526328E318741CF9DD71678 /* CDVIonicKeyboard.m */ = {isa = PBXFileReference; explicitFileType = undefined; fileEncoding = 4; includeInIndex = 0; lastKnownFileType = sourcecode.c.objc; name = CDVIonicKeyboard.m; path = "cordova-plugin-ionic-keyboard/CDVIonicKeyboard.m"; sourceTree = "<group>"; };
		3A43E3F1F09A42DC99D00D2C /* CDVWKWebViewUIDelegate.h */ = {isa = PBXFileReference; explicitFileType = undefined; fileEncoding = 4; includeInIndex = 0; lastKnownFileType = sourcecode.c.h; name = CDVWKWebViewUIDelegate.h; path = "cordova-plugin-ionic-webview/CDVWKWebViewUIDelegate.h"; sourceTree = "<group>"; };
		3DE2F8D2C21448069A503836 /* CDVIonicKeyboard.h */ = {isa = PBXFileReference; explicitFileType = undefined; fileEncoding = 4; includeInIndex = 0; lastKnownFileType = sourcecode.c.h; name = CDVIonicKeyboard.h; path = "cordova-plugin-ionic-keyboard/CDVIonicKeyboard.h"; sourceTree = "<group>"; };
		3FBE8D6557F8421595CF9C43 /* CameraRenderController.m */ = {isa = PBXFileReference; explicitFileType = undefined; fileEncoding = 4; includeInIndex = 0; lastKnownFileType = sourcecode.c.objc; name = CameraRenderController.m; path = "cordova-plugin-camera-preview/CameraRenderController.m"; sourceTree = "<group>"; };
		40AFEB8B14434D4CBF7045A1 /* GoogleAuthUtilities.framework */ = {isa = PBXFileReference; explicitFileType = undefined; fileEncoding = 9; includeInIndex = 0; lastKnownFileType = wrapper.framework; name = GoogleAuthUtilities.framework; path = "Lisa Obesidade/Plugins/cordova-plugin-googleplus/GoogleAuthUtilities.framework"; sourceTree = "<group>"; };
		4F45D6764F284EBFA27D95A8 /* GLKit.framework */ = {isa = PBXFileReference; explicitFileType = undefined; fileEncoding = 9; includeInIndex = 0; lastKnownFileType = wrapper.framework; name = GLKit.framework; path = System/Library/Frameworks/GLKit.framework; sourceTree = SDKROOT; };
		58F6A35522DF4203A7502DFD /* PECropViewController.m */ = {isa = PBXFileReference; explicitFileType = undefined; fileEncoding = 4; includeInIndex = 0; lastKnownFileType = sourcecode.c.objc; name = PECropViewController.m; path = "cordova-plugin-crop/PECropViewController.m"; sourceTree = "<group>"; };
		5C0C971BCA6445B98C2C15E6 /* CDVWKWebViewEngine.h */ = {isa = PBXFileReference; explicitFileType = undefined; fileEncoding = 4; includeInIndex = 0; lastKnownFileType = sourcecode.c.h; name = CDVWKWebViewEngine.h; path = "cordova-plugin-ionic-webview/CDVWKWebViewEngine.h"; sourceTree = "<group>"; };
		5DDEE62CE1884DADBC16B0CC /* CTCrop.h */ = {isa = PBXFileReference; explicitFileType = undefined; fileEncoding = 4; includeInIndex = 0; lastKnownFileType = sourcecode.c.h; name = CTCrop.h; path = "cordova-plugin-crop/CTCrop.h"; sourceTree = "<group>"; };
		6440FEB4A8BC4B41A024C00B /* UIImage+PECrop.h */ = {isa = PBXFileReference; explicitFileType = undefined; fileEncoding = 4; includeInIndex = 0; lastKnownFileType = sourcecode.c.h; name = "UIImage+PECrop.h"; path = "cordova-plugin-crop/UIImage+PECrop.h"; sourceTree = "<group>"; };
		675F1DCA4FFA4DE885B1A15E /* CDVStatusBar.h */ = {isa = PBXFileReference; explicitFileType = undefined; fileEncoding = 4; includeInIndex = 0; lastKnownFileType = sourcecode.c.h; name = CDVStatusBar.h; path = "cordova-plugin-statusbar/CDVStatusBar.h"; sourceTree = "<group>"; };
		68F4143A0E3844B9BF816E93 /* CameraSessionManager.h */ = {isa = PBXFileReference; explicitFileType = undefined; fileEncoding = 4; includeInIndex = 0; lastKnownFileType = sourcecode.c.h; name = CameraSessionManager.h; path = "cordova-plugin-camera-preview/CameraSessionManager.h"; sourceTree = "<group>"; };
		6AFF5BF81D6E424B00AB3073 /* CDVLaunchScreen.storyboard */ = {isa = PBXFileReference; fileEncoding = 4; lastKnownFileType = file.storyboard; name = CDVLaunchScreen.storyboard; path = "Lisa Obesidade/CDVLaunchScreen.storyboard"; sourceTree = SOURCE_ROOT; };
		6D98100351864495A7C7AB68 /* CDVWKWebViewUIDelegate.m */ = {isa = PBXFileReference; explicitFileType = undefined; fileEncoding = 4; includeInIndex = 0; lastKnownFileType = sourcecode.c.objc; name = CDVWKWebViewUIDelegate.m; path = "cordova-plugin-ionic-webview/CDVWKWebViewUIDelegate.m"; sourceTree = "<group>"; };
		77634DD2D46D40EB888EE013 /* GoogleUtilities.framework */ = {isa = PBXFileReference; explicitFileType = undefined; fileEncoding = 9; includeInIndex = 0; lastKnownFileType = wrapper.framework; name = GoogleUtilities.framework; path = "Lisa Obesidade/Plugins/cordova-plugin-googleplus/GoogleUtilities.framework"; sourceTree = "<group>"; };
		7CD04A7ADAB04307B1880709 /* CDVStatusBar.m */ = {isa = PBXFileReference; explicitFileType = undefined; fileEncoding = 4; includeInIndex = 0; lastKnownFileType = sourcecode.c.objc; name = CDVStatusBar.m; path = "cordova-plugin-statusbar/CDVStatusBar.m"; sourceTree = "<group>"; };
		7D45360F1BFB4BF48940A941 /* CoreLocation.framework */ = {isa = PBXFileReference; explicitFileType = undefined; fileEncoding = 9; includeInIndex = 0; lastKnownFileType = wrapper.framework; name = CoreLocation.framework; path = System/Library/Frameworks/CoreLocation.framework; sourceTree = SDKROOT; };
		7DF22EBBD6A84CC3864CC34A /* PECropView.h */ = {isa = PBXFileReference; explicitFileType = undefined; fileEncoding = 4; includeInIndex = 0; lastKnownFileType = sourcecode.c.h; name = PECropView.h; path = "cordova-plugin-crop/PECropView.h"; sourceTree = "<group>"; };
		82F0AF131A704447A3EB2292 /* IONAssetHandler.m */ = {isa = PBXFileReference; explicitFileType = undefined; fileEncoding = 4; includeInIndex = 0; lastKnownFileType = sourcecode.c.objc; name = IONAssetHandler.m; path = "cordova-plugin-ionic-webview/IONAssetHandler.m"; sourceTree = "<group>"; };
		875010B2EBD34139ABC6E384 /* AddressBook.framework */ = {isa = PBXFileReference; explicitFileType = undefined; fileEncoding = 9; includeInIndex = 0; lastKnownFileType = wrapper.framework; name = AddressBook.framework; path = System/Library/Frameworks/AddressBook.framework; sourceTree = SDKROOT; };
		8D1107310486CEB800E47090 /* Lisa Obesidade-Info.plist */ = {isa = PBXFileReference; fileEncoding = 4; lastKnownFileType = text.plist.xml; name = "Lisa Obesidade-Info.plist"; path = "Lisa Obesidade/Lisa Obesidade-Info.plist"; plistStructureDefinitionIdentifier = "com.apple.xcode.plist.structure-definition.iphone.info-plist"; sourceTree = SOURCE_ROOT; };
		9396A310D4F447DD9F5A559E /* UIImage+PECrop.m */ = {isa = PBXFileReference; explicitFileType = undefined; fileEncoding = 4; includeInIndex = 0; lastKnownFileType = sourcecode.c.objc; name = "UIImage+PECrop.m"; path = "cordova-plugin-crop/UIImage+PECrop.m"; sourceTree = "<group>"; };
		93DC30F2CB094D3DBA22BC0D /* PEResizeControl.m */ = {isa = PBXFileReference; explicitFileType = undefined; fileEncoding = 4; includeInIndex = 0; lastKnownFileType = sourcecode.c.objc; name = PEResizeControl.m; path = "cordova-plugin-crop/PEResizeControl.m"; sourceTree = "<group>"; };
		959584406768480CAFDF0B81 /* SafariServices.framework */ = {isa = PBXFileReference; explicitFileType = undefined; fileEncoding = 9; includeInIndex = 0; lastKnownFileType = wrapper.framework; name = SafariServices.framework; path = System/Library/Frameworks/SafariServices.framework; sourceTree = SDKROOT; };
		9603ACE1DE0F4C82981ACB2B /* GooglePlus.h */ = {isa = PBXFileReference; explicitFileType = undefined; fileEncoding = 4; includeInIndex = 0; lastKnownFileType = sourcecode.c.h; name = GooglePlus.h; path = "cordova-plugin-googleplus/GooglePlus.h"; sourceTree = "<group>"; };
		98288C5317EA4CB59EE52468 /* SystemConfiguration.framework */ = {isa = PBXFileReference; explicitFileType = undefined; fileEncoding = 9; includeInIndex = 0; lastKnownFileType = wrapper.framework; name = SystemConfiguration.framework; path = System/Library/Frameworks/SystemConfiguration.framework; sourceTree = SDKROOT; };
		99D193885B8D4CB38BA28112 /* CDVDevice.h */ = {isa = PBXFileReference; explicitFileType = undefined; fileEncoding = 4; includeInIndex = 0; lastKnownFileType = sourcecode.c.h; name = CDVDevice.h; path = "cordova-plugin-device/CDVDevice.h"; sourceTree = "<group>"; };
		9A7CE2876A6445399A641347 /* CameraSessionManager.m */ = {isa = PBXFileReference; explicitFileType = undefined; fileEncoding = 4; includeInIndex = 0; lastKnownFileType = sourcecode.c.objc; name = CameraSessionManager.m; path = "cordova-plugin-camera-preview/CameraSessionManager.m"; sourceTree = "<group>"; };
		9AC0AB1344F84C19A641842E /* CDVJpegHeaderWriter.m */ = {isa = PBXFileReference; explicitFileType = undefined; fileEncoding = 4; includeInIndex = 0; lastKnownFileType = sourcecode.c.objc; name = CDVJpegHeaderWriter.m; path = "cordova-plugin-camera/CDVJpegHeaderWriter.m"; sourceTree = "<group>"; };
		9C57AD26C2EB4B92A91A8AAD /* PEResizeControl.h */ = {isa = PBXFileReference; explicitFileType = undefined; fileEncoding = 4; includeInIndex = 0; lastKnownFileType = sourcecode.c.h; name = PEResizeControl.h; path = "cordova-plugin-crop/PEResizeControl.h"; sourceTree = "<group>"; };
		A594ED36429B41E981189CB3 /* CameraPreview.m */ = {isa = PBXFileReference; explicitFileType = undefined; fileEncoding = 4; includeInIndex = 0; lastKnownFileType = sourcecode.c.objc; name = CameraPreview.m; path = "cordova-plugin-camera-preview/CameraPreview.m"; sourceTree = "<group>"; };
		A686E6E8B0B4485490FED1FB /* PECropRectView.m */ = {isa = PBXFileReference; explicitFileType = undefined; fileEncoding = 4; includeInIndex = 0; lastKnownFileType = sourcecode.c.objc; name = PECropRectView.m; path = "cordova-plugin-crop/PECropRectView.m"; sourceTree = "<group>"; };
		A97CC942C726404BAAA3C7A0 /* PECropView.m */ = {isa = PBXFileReference; explicitFileType = undefined; fileEncoding = 4; includeInIndex = 0; lastKnownFileType = sourcecode.c.objc; name = PECropView.m; path = "cordova-plugin-crop/PECropView.m"; sourceTree = "<group>"; };
		B725357AE1F54BB1AF99ED9D /* libz.tbd */ = {isa = PBXFileReference; explicitFileType = undefined; fileEncoding = 9; includeInIndex = 0; lastKnownFileType = "sourcecode.text-based-dylib-definition"; name = libz.tbd; path = usr/lib/libz.tbd; sourceTree = SDKROOT; };
		B907BC76D4EF43C68A1DCD2C /* Lisa Obesidade.entitlements */ = {isa = PBXFileReference; fileEncoding = 4; lastKnownFileType = unknown; path = "Lisa Obesidade.entitlements"; sourceTree = "<group>"; };
		B974B87B57114A9AA5F054BA /* libz.dylib */ = {isa = PBXFileReference; explicitFileType = undefined; fileEncoding = 9; includeInIndex = 0; lastKnownFileType = "compiled.mach-o.dylib"; name = libz.dylib; path = usr/lib/libz.dylib; sourceTree = SDKROOT; };
		B983A8AE29864B94AECFD9E1 /* TemperatureAndTint.m */ = {isa = PBXFileReference; explicitFileType = undefined; fileEncoding = 4; includeInIndex = 0; lastKnownFileType = sourcecode.c.objc; name = TemperatureAndTint.m; path = "cordova-plugin-camera-preview/TemperatureAndTint.m"; sourceTree = "<group>"; };
		BAABC0B8D44024F14B521F73 /* libPods-Lisa Obesidade.a */ = {isa = PBXFileReference; explicitFileType = archive.ar; includeInIndex = 0; path = "libPods-Lisa Obesidade.a"; sourceTree = BUILT_PRODUCTS_DIR; };
		BFDD648DF244450CAA707B75 /* UIImage+CropScaleOrientation.m */ = {isa = PBXFileReference; explicitFileType = undefined; fileEncoding = 4; includeInIndex = 0; lastKnownFileType = sourcecode.c.objc; name = "UIImage+CropScaleOrientation.m"; path = "cordova-plugin-camera/UIImage+CropScaleOrientation.m"; sourceTree = "<group>"; };
		C008582F364A4AF48D6FBE13 /* GoogleNetworkingUtilities.framework */ = {isa = PBXFileReference; explicitFileType = undefined; fileEncoding = 9; includeInIndex = 0; lastKnownFileType = wrapper.framework; name = GoogleNetworkingUtilities.framework; path = "Lisa Obesidade/Plugins/cordova-plugin-googleplus/GoogleNetworkingUtilities.framework"; sourceTree = "<group>"; };
		C27E7D6617E44572AEB318F8 /* PEPhotoCropEditor.bundle */ = {isa = PBXFileReference; explicitFileType = undefined; fileEncoding = 9; includeInIndex = 0; lastKnownFileType = "wrapper.plug-in"; path = PEPhotoCropEditor.bundle; sourceTree = "<group>"; };
		CA5E3A740DEE48DAB71B28BF /* CameraRenderController.h */ = {isa = PBXFileReference; explicitFileType = undefined; fileEncoding = 4; includeInIndex = 0; lastKnownFileType = sourcecode.c.h; name = CameraRenderController.h; path = "cordova-plugin-camera-preview/CameraRenderController.h"; sourceTree = "<group>"; };
		CF820BED74874FF0B7855AEC /* AVFoundation.framework */ = {isa = PBXFileReference; explicitFileType = undefined; fileEncoding = 9; includeInIndex = 0; lastKnownFileType = wrapper.framework; name = AVFoundation.framework; path = System/Library/Frameworks/AVFoundation.framework; sourceTree = SDKROOT; };
		D0403FD71EF0411688FF6A56 /* CDVWKProcessPoolFactory.h */ = {isa = PBXFileReference; explicitFileType = undefined; fileEncoding = 4; includeInIndex = 0; lastKnownFileType = sourcecode.c.h; name = CDVWKProcessPoolFactory.h; path = "cordova-plugin-ionic-webview/CDVWKProcessPoolFactory.h"; sourceTree = "<group>"; };
		D075A6BFEA32438D9877307E /* TemperatureAndTint.h */ = {isa = PBXFileReference; explicitFileType = undefined; fileEncoding = 4; includeInIndex = 0; lastKnownFileType = sourcecode.c.h; name = TemperatureAndTint.h; path = "cordova-plugin-camera-preview/TemperatureAndTint.h"; sourceTree = "<group>"; };
		D3BE25A8F1C94F448700D18F /* CDVExif.h */ = {isa = PBXFileReference; explicitFileType = undefined; fileEncoding = 4; includeInIndex = 0; lastKnownFileType = sourcecode.c.h; name = CDVExif.h; path = "cordova-plugin-camera/CDVExif.h"; sourceTree = "<group>"; };
		DF0023504F8742CA9F1B76E7 /* GoogleAppUtilities.framework */ = {isa = PBXFileReference; explicitFileType = undefined; fileEncoding = 9; includeInIndex = 0; lastKnownFileType = wrapper.framework; name = GoogleAppUtilities.framework; path = "Lisa Obesidade/Plugins/cordova-plugin-googleplus/GoogleAppUtilities.framework"; sourceTree = "<group>"; };
		DF956BF1ADBD4290963640C7 /* GoogleSymbolUtilities.framework */ = {isa = PBXFileReference; explicitFileType = undefined; fileEncoding = 9; includeInIndex = 0; lastKnownFileType = wrapper.framework; name = GoogleSymbolUtilities.framework; path = "Lisa Obesidade/Plugins/cordova-plugin-googleplus/GoogleSymbolUtilities.framework"; sourceTree = "<group>"; };
		E232A9AB93F94AECA22A0475 /* GoogleSignIn.framework */ = {isa = PBXFileReference; explicitFileType = undefined; fileEncoding = 9; includeInIndex = 0; lastKnownFileType = wrapper.framework; name = GoogleSignIn.framework; path = "Lisa Obesidade/Plugins/cordova-plugin-googleplus/GoogleSignIn.framework"; sourceTree = "<group>"; };
		E3458062433646E88440D6AC /* Security.framework */ = {isa = PBXFileReference; explicitFileType = undefined; fileEncoding = 9; includeInIndex = 0; lastKnownFileType = wrapper.framework; name = Security.framework; path = System/Library/Frameworks/Security.framework; sourceTree = SDKROOT; };
		E7AAB2C5983B7063934F2DC1 /* Pods-Lisa Obesidade.release.xcconfig */ = {isa = PBXFileReference; includeInIndex = 1; lastKnownFileType = text.xcconfig; name = "Pods-Lisa Obesidade.release.xcconfig"; path = "Target Support Files/Pods-Lisa Obesidade/Pods-Lisa Obesidade.release.xcconfig"; sourceTree = "<group>"; };
		EA4E33EE5E584A8E90CDB03A /* CoreImage.framework */ = {isa = PBXFileReference; explicitFileType = undefined; fileEncoding = 9; includeInIndex = 0; lastKnownFileType = wrapper.framework; name = CoreImage.framework; path = System/Library/Frameworks/CoreImage.framework; sourceTree = SDKROOT; };
		EB39FE8782454123B0509C5F /* GooglePlus.m */ = {isa = PBXFileReference; explicitFileType = undefined; fileEncoding = 4; includeInIndex = 0; lastKnownFileType = sourcecode.c.objc; name = GooglePlus.m; path = "cordova-plugin-googleplus/GooglePlus.m"; sourceTree = "<group>"; };
		EB87FDF31871DA8E0020F90C /* www */ = {isa = PBXFileReference; lastKnownFileType = folder; name = www; path = ../../www; sourceTree = "<group>"; };
		EB87FDF41871DAF40020F90C /* config.xml */ = {isa = PBXFileReference; lastKnownFileType = text.xml; name = config.xml; path = ../../config.xml; sourceTree = "<group>"; };
		ED33DF2A687741AEAF9F8254 /* Bridging-Header.h */ = {isa = PBXFileReference; fileEncoding = 4; lastKnownFileType = sourcecode.c.h; path = "Bridging-Header.h"; sourceTree = "<group>"; };
		EFE9CC39BD5243C8B1DF93E1 /* CDVWKWebViewEngine.m */ = {isa = PBXFileReference; explicitFileType = undefined; fileEncoding = 4; includeInIndex = 0; lastKnownFileType = sourcecode.c.objc; name = CDVWKWebViewEngine.m; path = "cordova-plugin-ionic-webview/CDVWKWebViewEngine.m"; sourceTree = "<group>"; };
		F04B2E65B9514264AF11860F /* PECropViewController.h */ = {isa = PBXFileReference; explicitFileType = undefined; fileEncoding = 4; includeInIndex = 0; lastKnownFileType = sourcecode.c.h; name = PECropViewController.h; path = "cordova-plugin-crop/PECropViewController.h"; sourceTree = "<group>"; };
		F840E1F0165FE0F500CFE078 /* config.xml */ = {isa = PBXFileReference; lastKnownFileType = text.xml; name = config.xml; path = "Lisa Obesidade/config.xml"; sourceTree = "<group>"; };
		F915FCAFE0DE463BA210E2EB /* CTCrop.m */ = {isa = PBXFileReference; explicitFileType = undefined; fileEncoding = 4; includeInIndex = 0; lastKnownFileType = sourcecode.c.objc; name = CTCrop.m; path = "cordova-plugin-crop/CTCrop.m"; sourceTree = "<group>"; };
		F9E22F377E524D0980C8DB74 /* QuartzCore.framework */ = {isa = PBXFileReference; explicitFileType = undefined; fileEncoding = 9; includeInIndex = 0; lastKnownFileType = wrapper.framework; name = QuartzCore.framework; path = System/Library/Frameworks/QuartzCore.framework; sourceTree = SDKROOT; };
/* End PBXFileReference section */

/* Begin PBXFrameworksBuildPhase section */
		1D60588F0D05DD3D006BFB54 /* Frameworks */ = {
			isa = PBXFrameworksBuildPhase;
			buildActionMask = 2147483647;
			files = (
				301BF552109A68D80062928A /* libCordova.a in Frameworks */,
				89EE4AAE989A4C9B97962107 /* ImageIO.framework in Frameworks */,
				0DE4E8C3A32F4BA0A6275D4C /* CoreLocation.framework in Frameworks */,
				DA7DE78929B44D1E9E538561 /* AVFoundation.framework in Frameworks */,
				1F3B062D0EB049D28E0ED0C9 /* CoreImage.framework in Frameworks */,
				78A842F4E6F64396A2F3A28B /* OpenGLES.framework in Frameworks */,
				73BBCCCA47B7403581E81E91 /* GLKit.framework in Frameworks */,
				2ADB53A589B64F5CA7DF7C3F /* CoreVideo.framework in Frameworks */,
				02B1EB15E2CD42F58A1553DE /* QuartzCore.framework in Frameworks */,
				926CBC48CEC44E96B72231BA /* WebKit.framework in Frameworks */,
				1FD223560163362057BCE9F6 /* libPods-Lisa Obesidade.a in Frameworks */,
				660BC778982841E5BD5B414F /* GoogleAppUtilities.framework in Frameworks */,
				EB5D1060DF5742E1AC09FFC8 /* GoogleAuthUtilities.framework in Frameworks */,
				88CAD78F125141BA8106C67B /* GoogleNetworkingUtilities.framework in Frameworks */,
				21A111EEFB584FB1AC76B78C /* GoogleSignIn.framework in Frameworks */,
				75FB4E1C7752450DA6EB2C72 /* GoogleSymbolUtilities.framework in Frameworks */,
				5997E21CF06C47D8BC48B6DF /* GoogleUtilities.framework in Frameworks */,
				D3AFC11025FE41D383A00105 /* AddressBook.framework in Frameworks */,
				366E0F65647F42758C3748EC /* CoreText.framework in Frameworks */,
				9379CCDC1F924747847858EA /* SafariServices.framework in Frameworks */,
				F29D4F743EFE46F4B0C395AE /* Security.framework in Frameworks */,
				F264B4A085B142A6839AFA79 /* SystemConfiguration.framework in Frameworks */,
				1751AFCEB89B41D393BA9E1A /* libz.tbd in Frameworks */,
				035C86C6B9EE46F3B07F142E /* libz.dylib in Frameworks */,
			);
			runOnlyForDeploymentPostprocessing = 0;
		};
/* End PBXFrameworksBuildPhase section */

/* Begin PBXGroup section */
		080E96DDFE201D6D7F000001 /* Classes */ = {
			isa = PBXGroup;
			children = (
				302D95EE14D2391D003F00A1 /* MainViewController.h */,
				302D95EF14D2391D003F00A1 /* MainViewController.m */,
				302D95F014D2391D003F00A1 /* MainViewController.xib */,
				1D3623240D0F684500981E51 /* AppDelegate.h */,
				1D3623250D0F684500981E51 /* AppDelegate.m */,
			);
			name = Classes;
			path = "Lisa Obesidade/Classes";
			sourceTree = SOURCE_ROOT;
		};
		19C28FACFE9D520D11CA2CBB /* Products */ = {
			isa = PBXGroup;
			children = (
				1D6058910D05DD3D006BFB54 /* Lisa Obesidade.app */,
			);
			name = Products;
			sourceTree = "<group>";
		};
		29B97314FDCFA39411CA2CEA /* CustomTemplate */ = {
			isa = PBXGroup;
			children = (
				EB87FDF41871DAF40020F90C /* config.xml */,
				EB87FDF31871DA8E0020F90C /* www */,
				EB87FDF11871DA420020F90C /* Staging */,
				301BF52D109A57CC0062928A /* CordovaLib.xcodeproj */,
				080E96DDFE201D6D7F000001 /* Classes */,
				307C750510C5A3420062BCA9 /* Plugins */,
				29B97315FDCFA39411CA2CEA /* Other Sources */,
				29B97317FDCFA39411CA2CEA /* Resources */,
				29B97323FDCFA39411CA2CEA /* Frameworks */,
				19C28FACFE9D520D11CA2CBB /* Products */,
				954BF5E9658679B8E1771817 /* Pods */,
			);
			name = CustomTemplate;
			sourceTree = "<group>";
		};
		29B97315FDCFA39411CA2CEA /* Other Sources */ = {
			isa = PBXGroup;
			children = (
				32CA4F630368D1EE00C91783 /* Lisa Obesidade-Prefix.pch */,
				29B97316FDCFA39411CA2CEA /* main.m */,
				ED33DF2A687741AEAF9F8254 /* Bridging-Header.h */,
			);
			name = "Other Sources";
			path = "Lisa Obesidade";
			sourceTree = "<group>";
		};
		29B97317FDCFA39411CA2CEA /* Resources */ = {
			isa = PBXGroup;
			children = (
				0207DA571B56EA530066E2B4 /* Images.xcassets */,
				3047A50E1AB8057F00498E2A /* config */,
				8D1107310486CEB800E47090 /* Lisa Obesidade-Info.plist */,
				6AFF5BF81D6E424B00AB3073 /* CDVLaunchScreen.storyboard */,
				C27E7D6617E44572AEB318F8 /* PEPhotoCropEditor.bundle */,
				B907BC76D4EF43C68A1DCD2C /* Lisa Obesidade.entitlements */,
			);
			name = Resources;
			path = "Lisa Obesidade/Resources";
			sourceTree = "<group>";
		};
		29B97323FDCFA39411CA2CEA /* Frameworks */ = {
			isa = PBXGroup;
			children = (
				2BD8D862C9D447CFAEC41334 /* ImageIO.framework */,
				7D45360F1BFB4BF48940A941 /* CoreLocation.framework */,
				CF820BED74874FF0B7855AEC /* AVFoundation.framework */,
				EA4E33EE5E584A8E90CDB03A /* CoreImage.framework */,
				20A1ADFE91494341B1BD6F8F /* OpenGLES.framework */,
				4F45D6764F284EBFA27D95A8 /* GLKit.framework */,
				339ECDA3907740A88D2E6540 /* CoreVideo.framework */,
				F9E22F377E524D0980C8DB74 /* QuartzCore.framework */,
				31AD97D7BC0C443983809490 /* WebKit.framework */,
				BAABC0B8D44024F14B521F73 /* libPods-Lisa Obesidade.a */,
				DF0023504F8742CA9F1B76E7 /* GoogleAppUtilities.framework */,
				40AFEB8B14434D4CBF7045A1 /* GoogleAuthUtilities.framework */,
				C008582F364A4AF48D6FBE13 /* GoogleNetworkingUtilities.framework */,
				E232A9AB93F94AECA22A0475 /* GoogleSignIn.framework */,
				DF956BF1ADBD4290963640C7 /* GoogleSymbolUtilities.framework */,
				77634DD2D46D40EB888EE013 /* GoogleUtilities.framework */,
				875010B2EBD34139ABC6E384 /* AddressBook.framework */,
				14F0A7C8C0D645A58B503A1B /* CoreText.framework */,
				959584406768480CAFDF0B81 /* SafariServices.framework */,
				E3458062433646E88440D6AC /* Security.framework */,
				98288C5317EA4CB59EE52468 /* SystemConfiguration.framework */,
				B725357AE1F54BB1AF99ED9D /* libz.tbd */,
				B974B87B57114A9AA5F054BA /* libz.dylib */,
			);
			name = Frameworks;
			sourceTree = "<group>";
		};
		301BF52E109A57CC0062928A /* Products */ = {
			isa = PBXGroup;
			children = (
				301BF535109A57CC0062928A /* libCordova.a */,
				907D8124214C687600058A10 /* Cordova.framework */,
			);
			name = Products;
			sourceTree = "<group>";
		};
		3047A50E1AB8057F00498E2A /* config */ = {
			isa = PBXGroup;
			children = (
				3047A50F1AB8059700498E2A /* build-debug.xcconfig */,
				3047A5101AB8059700498E2A /* build-release.xcconfig */,
				3047A5111AB8059700498E2A /* build.xcconfig */,
			);
			name = config;
			sourceTree = "<group>";
		};
		307C750510C5A3420062BCA9 /* Plugins */ = {
			isa = PBXGroup;
			children = (
				BFDD648DF244450CAA707B75 /* UIImage+CropScaleOrientation.m */,
				07496299A3A64D99960F0E4C /* CDVCamera.m */,
				9AC0AB1344F84C19A641842E /* CDVJpegHeaderWriter.m */,
				2ED3A5C71FCA43D6ADD922D4 /* UIImage+CropScaleOrientation.h */,
				21BE0C5BE8E24E2E864F9C4A /* CDVCamera.h */,
				2193052F5BAC4B7B9BF7920F /* CDVJpegHeaderWriter.h */,
				D3BE25A8F1C94F448700D18F /* CDVExif.h */,
				A594ED36429B41E981189CB3 /* CameraPreview.m */,
				B983A8AE29864B94AECFD9E1 /* TemperatureAndTint.m */,
				9A7CE2876A6445399A641347 /* CameraSessionManager.m */,
				3FBE8D6557F8421595CF9C43 /* CameraRenderController.m */,
				0EC2E22010E0490DB0ED5640 /* CameraPreview.h */,
				D075A6BFEA32438D9877307E /* TemperatureAndTint.h */,
				68F4143A0E3844B9BF816E93 /* CameraSessionManager.h */,
				CA5E3A740DEE48DAB71B28BF /* CameraRenderController.h */,
				F915FCAFE0DE463BA210E2EB /* CTCrop.m */,
				A686E6E8B0B4485490FED1FB /* PECropRectView.m */,
				A97CC942C726404BAAA3C7A0 /* PECropView.m */,
				58F6A35522DF4203A7502DFD /* PECropViewController.m */,
				93DC30F2CB094D3DBA22BC0D /* PEResizeControl.m */,
				9396A310D4F447DD9F5A559E /* UIImage+PECrop.m */,
				5DDEE62CE1884DADBC16B0CC /* CTCrop.h */,
				1C7F710EE51843CA9A52324A /* PECropRectView.h */,
				7DF22EBBD6A84CC3864CC34A /* PECropView.h */,
				F04B2E65B9514264AF11860F /* PECropViewController.h */,
				9C57AD26C2EB4B92A91A8AAD /* PEResizeControl.h */,
				6440FEB4A8BC4B41A024C00B /* UIImage+PECrop.h */,
				17A62BCEDBEF44D48F26F415 /* CDVDevice.m */,
				99D193885B8D4CB38BA28112 /* CDVDevice.h */,
				3526328E318741CF9DD71678 /* CDVIonicKeyboard.m */,
				3DE2F8D2C21448069A503836 /* CDVIonicKeyboard.h */,
				EFE9CC39BD5243C8B1DF93E1 /* CDVWKWebViewEngine.m */,
				6D98100351864495A7C7AB68 /* CDVWKWebViewUIDelegate.m */,
				01CE3278E9104DEF9C827CA2 /* CDVWKProcessPoolFactory.m */,
				82F0AF131A704447A3EB2292 /* IONAssetHandler.m */,
				5C0C971BCA6445B98C2C15E6 /* CDVWKWebViewEngine.h */,
				3A43E3F1F09A42DC99D00D2C /* CDVWKWebViewUIDelegate.h */,
				D0403FD71EF0411688FF6A56 /* CDVWKProcessPoolFactory.h */,
				168188872B5E4890854EC994 /* IONAssetHandler.h */,
				7CD04A7ADAB04307B1880709 /* CDVStatusBar.m */,
				675F1DCA4FFA4DE885B1A15E /* CDVStatusBar.h */,
				EB39FE8782454123B0509C5F /* GooglePlus.m */,
				9603ACE1DE0F4C82981ACB2B /* GooglePlus.h */,
			);
			name = Plugins;
			path = "Lisa Obesidade/Plugins";
			sourceTree = SOURCE_ROOT;
		};
		954BF5E9658679B8E1771817 /* Pods */ = {
			isa = PBXGroup;
			children = (
				1D6B86C5359C5AB1C8833295 /* Pods-Lisa Obesidade.debug.xcconfig */,
				E7AAB2C5983B7063934F2DC1 /* Pods-Lisa Obesidade.release.xcconfig */,
			);
			path = Pods;
			sourceTree = "<group>";
		};
		EB87FDF11871DA420020F90C /* Staging */ = {
			isa = PBXGroup;
			children = (
				F840E1F0165FE0F500CFE078 /* config.xml */,
				301BF56E109A69640062928A /* www */,
			);
			name = Staging;
			sourceTree = "<group>";
		};
/* End PBXGroup section */

/* Begin PBXNativeTarget section */
		1D6058900D05DD3D006BFB54 /* Lisa Obesidade */ = {
			isa = PBXNativeTarget;
			buildConfigurationList = 1D6058960D05DD3E006BFB54 /* Build configuration list for PBXNativeTarget "Lisa Obesidade" */;
			buildPhases = (
				127DF4791DD73D9CE3F70824 /* [CP] Check Pods Manifest.lock */,
				304B58A110DAC018002A0835 /* Copy www directory */,
				1D60588D0D05DD3D006BFB54 /* Resources */,
				1D60588E0D05DD3D006BFB54 /* Sources */,
				1D60588F0D05DD3D006BFB54 /* Frameworks */,
			);
			buildRules = (
			);
			dependencies = (
				301BF551109A68C00062928A /* PBXTargetDependency */,
			);
			name = "Lisa Obesidade";
			productName = "Lisa Obesidade";
			productReference = 1D6058910D05DD3D006BFB54 /* Lisa Obesidade.app */;
			productType = "com.apple.product-type.application";
		};
/* End PBXNativeTarget section */

/* Begin PBXProject section */
		29B97313FDCFA39411CA2CEA /* Project object */ = {
			isa = PBXProject;
			attributes = {
				LastUpgradeCheck = 1130;
			};
			buildConfigurationList = C01FCF4E08A954540054247B /* Build configuration list for PBXProject "Lisa Obesidade" */;
			compatibilityVersion = "Xcode 11.0";
			developmentRegion = en;
			hasScannedForEncodings = 1;
			knownRegions = (
				en,
				Base,
			);
			mainGroup = 29B97314FDCFA39411CA2CEA /* CustomTemplate */;
			productRefGroup = 19C28FACFE9D520D11CA2CBB /* Products */;
			projectDirPath = "";
			projectReferences = (
				{
					ProductGroup = 301BF52E109A57CC0062928A /* Products */;
					ProjectRef = 301BF52D109A57CC0062928A /* CordovaLib.xcodeproj */;
				},
			);
			projectRoot = "";
			targets = (
				1D6058900D05DD3D006BFB54 /* Lisa Obesidade */,
			);
		};
/* End PBXProject section */

/* Begin PBXReferenceProxy section */
		301BF535109A57CC0062928A /* libCordova.a */ = {
			isa = PBXReferenceProxy;
			fileType = archive.ar;
			path = libCordova.a;
			remoteRef = 301BF534109A57CC0062928A /* PBXContainerItemProxy */;
			sourceTree = BUILT_PRODUCTS_DIR;
		};
		907D8124214C687600058A10 /* Cordova.framework */ = {
			isa = PBXReferenceProxy;
			fileType = wrapper.framework;
			path = Cordova.framework;
			remoteRef = 907D8123214C687600058A10 /* PBXContainerItemProxy */;
			sourceTree = BUILT_PRODUCTS_DIR;
		};
/* End PBXReferenceProxy section */

/* Begin PBXResourcesBuildPhase section */
		1D60588D0D05DD3D006BFB54 /* Resources */ = {
			isa = PBXResourcesBuildPhase;
			buildActionMask = 2147483647;
			files = (
				302D95F214D2391D003F00A1 /* MainViewController.xib in Resources */,
				0207DA581B56EA530066E2B4 /* Images.xcassets in Resources */,
				6AFF5BF91D6E424B00AB3073 /* CDVLaunchScreen.storyboard in Resources */,
				2314E28FF392404797EA8C96 /* PEPhotoCropEditor.bundle in Resources */,
				9FF07D8536694B35B139D336 /* Lisa Obesidade.entitlements in Resources */,
			);
			runOnlyForDeploymentPostprocessing = 0;
		};
/* End PBXResourcesBuildPhase section */

/* Begin PBXShellScriptBuildPhase section */
		127DF4791DD73D9CE3F70824 /* [CP] Check Pods Manifest.lock */ = {
			isa = PBXShellScriptBuildPhase;
			buildActionMask = 2147483647;
			files = (
			);
			inputFileListPaths = (
			);
			inputPaths = (
				"${PODS_PODFILE_DIR_PATH}/Podfile.lock",
				"${PODS_ROOT}/Manifest.lock",
			);
			name = "[CP] Check Pods Manifest.lock";
			outputFileListPaths = (
			);
			outputPaths = (
				"$(DERIVED_FILE_DIR)/Pods-Lisa Obesidade-checkManifestLockResult.txt",
			);
			runOnlyForDeploymentPostprocessing = 0;
			shellPath = /bin/sh;
			shellScript = "diff \"${PODS_PODFILE_DIR_PATH}/Podfile.lock\" \"${PODS_ROOT}/Manifest.lock\" > /dev/null\nif [ $? != 0 ] ; then\n    # print error to STDERR\n    echo \"error: The sandbox is not in sync with the Podfile.lock. Run 'pod install' or update your CocoaPods installation.\" >&2\n    exit 1\nfi\n# This output is used by Xcode 'outputs' to avoid re-running this script phase.\necho \"SUCCESS\" > \"${SCRIPT_OUTPUT_FILE_0}\"\n";
			showEnvVarsInLog = 0;
		};
		304B58A110DAC018002A0835 /* Copy www directory */ = {
			isa = PBXShellScriptBuildPhase;
			buildActionMask = 2147483647;
			files = (
			);
			inputPaths = (
			);
			name = "Copy www directory";
			outputPaths = (
			);
			runOnlyForDeploymentPostprocessing = 0;
			shellPath = /bin/sh;
			shellScript = "\"$SRCROOT/Lisa Obesidade/Scripts/copy-www-build-step.sh\"";
			showEnvVarsInLog = 0;
		};
/* End PBXShellScriptBuildPhase section */

/* Begin PBXSourcesBuildPhase section */
		1D60588E0D05DD3D006BFB54 /* Sources */ = {
			isa = PBXSourcesBuildPhase;
			buildActionMask = 2147483647;
			files = (
				1D60589B0D05DD56006BFB54 /* main.m in Sources */,
				1D3623260D0F684500981E51 /* AppDelegate.m in Sources */,
				302D95F114D2391D003F00A1 /* MainViewController.m in Sources */,
				E56E53BCB5054CD08A8D363B /* UIImage+CropScaleOrientation.m in Sources */,
				AE91971BB85247A685438107 /* CDVCamera.m in Sources */,
				72BF398FCC7A4789BAB24F33 /* CDVJpegHeaderWriter.m in Sources */,
				BC5415E092ED46E387885D0A /* CameraPreview.m in Sources */,
				4460BBA1DCB842ABA8A358F6 /* TemperatureAndTint.m in Sources */,
				3096A6229D4146519A65E9D0 /* CameraSessionManager.m in Sources */,
				76244023789C490DB7F664DF /* CameraRenderController.m in Sources */,
				E5DF4E6EE30E4D6B820CDD42 /* CTCrop.m in Sources */,
				22ED2D1F09EA4BF0BDD35469 /* PECropRectView.m in Sources */,
				ABC77BC773494A60A5AF936A /* PECropView.m in Sources */,
				77FAF95BF0474071872CA3D4 /* PECropViewController.m in Sources */,
				8CD3574ECD354A62973FF5B2 /* PEResizeControl.m in Sources */,
				E2895BC0C2D941F2BB1436E5 /* UIImage+PECrop.m in Sources */,
				AD65ADEFE8CE45D79D458959 /* CDVDevice.m in Sources */,
				E5C31763675349B2A92A9225 /* CDVIonicKeyboard.m in Sources */,
				DEA24FB9C0884FD3ACBAC723 /* CDVWKWebViewEngine.m in Sources */,
				C2735370FDAE422195689018 /* CDVWKWebViewUIDelegate.m in Sources */,
				AF4465231B61487F82E87D0B /* CDVWKProcessPoolFactory.m in Sources */,
				82432A4DD1A24D0882DB729D /* IONAssetHandler.m in Sources */,
				0C885356DB55427BB3B7D500 /* CDVStatusBar.m in Sources */,
				6724815270A347219087EE2A /* GooglePlus.m in Sources */,
			);
			runOnlyForDeploymentPostprocessing = 0;
		};
/* End PBXSourcesBuildPhase section */

/* Begin PBXTargetDependency section */
		301BF551109A68C00062928A /* PBXTargetDependency */ = {
			isa = PBXTargetDependency;
			name = CordovaLib;
			targetProxy = 301BF550109A68C00062928A /* PBXContainerItemProxy */;
		};
/* End PBXTargetDependency section */

/* Begin XCBuildConfiguration section */
		1D6058940D05DD3E006BFB54 /* Debug */ = {
			isa = XCBuildConfiguration;
			baseConfigurationReference = 3047A50F1AB8059700498E2A /* build-debug.xcconfig */;
			buildSettings = {
				ALWAYS_SEARCH_USER_PATHS = NO;
				ASSETCATALOG_COMPILER_APPICON_NAME = AppIcon;
				CLANG_ENABLE_MODULES = YES;
				CLANG_ENABLE_OBJC_ARC = YES;
				CODE_SIGN_ENTITLEMENTS = "Lisa Obesidade/Resources/Lisa Obesidade.entitlements";
				CODE_SIGN_IDENTITY = "Apple Development";
				CODE_SIGN_STYLE = Automatic;
				COPY_PHASE_STRIP = NO;
				DEVELOPMENT_TEAM = 77QLG4Y4P8;
				FRAMEWORK_SEARCH_PATHS = (
					"$(inherited)",
					"\"Lisa Obesidade/Plugins/cordova-plugin-googleplus\"",
					"\"Lisa Obesidade/Plugins/cordova-plugin-googleplus\"",
					"\"Lisa Obesidade/Plugins/cordova-plugin-googleplus\"",
					"\"Lisa Obesidade/Plugins/cordova-plugin-googleplus\"",
					"\"Lisa Obesidade/Plugins/cordova-plugin-googleplus\"",
					"\"Lisa Obesidade/Plugins/cordova-plugin-googleplus\"",
				);
				GCC_DYNAMIC_NO_PIC = NO;
				GCC_OPTIMIZATION_LEVEL = 0;
				GCC_PRECOMPILE_PREFIX_HEADER = YES;
				GCC_PREFIX_HEADER = "Lisa Obesidade/Lisa Obesidade-Prefix.pch";
				GCC_THUMB_SUPPORT = NO;
				GCC_VERSION = "";
				INFOPLIST_FILE = "Lisa Obesidade/Lisa Obesidade-Info.plist";
				IPHONEOS_DEPLOYMENT_TARGET = 12;
				LD_RUNPATH_SEARCH_PATHS = "@executable_path/Frameworks";
				PRODUCT_BUNDLE_IDENTIFIER = br.unifor.lisaObesidade;
				PRODUCT_NAME = "$(TARGET_NAME)";
				PROVISIONING_PROFILE_SPECIFIER = "";
				TARGETED_DEVICE_FAMILY = "1,2";
			};
			name = Debug;
		};
		1D6058950D05DD3E006BFB54 /* Release */ = {
			isa = XCBuildConfiguration;
			baseConfigurationReference = 3047A5101AB8059700498E2A /* build-release.xcconfig */;
			buildSettings = {
				ALWAYS_SEARCH_USER_PATHS = NO;
				ASSETCATALOG_COMPILER_APPICON_NAME = AppIcon;
				CLANG_ENABLE_MODULES = YES;
				CLANG_ENABLE_OBJC_ARC = YES;
				CODE_SIGN_ENTITLEMENTS = "Lisa Obesidade/Resources/Lisa Obesidade.entitlements";
				CODE_SIGN_IDENTITY = "Apple Development";
				CODE_SIGN_STYLE = Automatic;
				COPY_PHASE_STRIP = YES;
				DEVELOPMENT_TEAM = 77QLG4Y4P8;
				FRAMEWORK_SEARCH_PATHS = (
					"$(inherited)",
					"\"Lisa Obesidade/Plugins/cordova-plugin-googleplus\"",
					"\"Lisa Obesidade/Plugins/cordova-plugin-googleplus\"",
					"\"Lisa Obesidade/Plugins/cordova-plugin-googleplus\"",
					"\"Lisa Obesidade/Plugins/cordova-plugin-googleplus\"",
					"\"Lisa Obesidade/Plugins/cordova-plugin-googleplus\"",
					"\"Lisa Obesidade/Plugins/cordova-plugin-googleplus\"",
				);
				GCC_PRECOMPILE_PREFIX_HEADER = YES;
				GCC_PREFIX_HEADER = "Lisa Obesidade/Lisa Obesidade-Prefix.pch";
				GCC_THUMB_SUPPORT = NO;
				GCC_VERSION = "";
				INFOPLIST_FILE = "Lisa Obesidade/Lisa Obesidade-Info.plist";
				IPHONEOS_DEPLOYMENT_TARGET = 12;
				LD_RUNPATH_SEARCH_PATHS = "@executable_path/Frameworks";
				PRODUCT_BUNDLE_IDENTIFIER = br.unifor.lisaObesidade;
				PRODUCT_NAME = "$(TARGET_NAME)";
				PROVISIONING_PROFILE_SPECIFIER = "";
				TARGETED_DEVICE_FAMILY = "1,2";
			};
			name = Release;
		};
		C01FCF4F08A954540054247B /* Debug */ = {
			isa = XCBuildConfiguration;
			baseConfigurationReference = 3047A5111AB8059700498E2A /* build.xcconfig */;
			buildSettings = {
				CLANG_ANALYZER_LOCALIZABILITY_NONLOCALIZED = YES;
				CLANG_ENABLE_MODULES = YES;
				CLANG_ENABLE_OBJC_ARC = YES;
				CLANG_WARN_BLOCK_CAPTURE_AUTORELEASING = YES;
				CLANG_WARN_BOOL_CONVERSION = YES;
				CLANG_WARN_COMMA = YES;
				CLANG_WARN_CONSTANT_CONVERSION = YES;
				CLANG_WARN_DEPRECATED_OBJC_IMPLEMENTATIONS = YES;
				CLANG_WARN_EMPTY_BODY = YES;
				CLANG_WARN_ENUM_CONVERSION = YES;
				CLANG_WARN_INFINITE_RECURSION = YES;
				CLANG_WARN_INT_CONVERSION = YES;
				CLANG_WARN_NON_LITERAL_NULL_CONVERSION = YES;
				CLANG_WARN_OBJC_IMPLICIT_RETAIN_SELF = YES;
				CLANG_WARN_OBJC_LITERAL_CONVERSION = YES;
				CLANG_WARN_RANGE_LOOP_ANALYSIS = YES;
				CLANG_WARN_STRICT_PROTOTYPES = YES;
				CLANG_WARN_SUSPICIOUS_MOVE = YES;
				CLANG_WARN_UNREACHABLE_CODE = YES;
				CLANG_WARN__DUPLICATE_METHOD_MATCH = YES;
				CODE_SIGN_ENTITLEMENTS = "Lisa Obesidade/Resources/Lisa Obesidade.entitlements";
				ENABLE_STRICT_OBJC_MSGSEND = YES;
				ENABLE_TESTABILITY = YES;
				GCC_C_LANGUAGE_STANDARD = c99;
				GCC_NO_COMMON_BLOCKS = YES;
				GCC_THUMB_SUPPORT = NO;
				GCC_VERSION = "";
				GCC_WARN_64_TO_32_BIT_CONVERSION = YES;
				GCC_WARN_ABOUT_RETURN_TYPE = YES;
				GCC_WARN_UNDECLARED_SELECTOR = YES;
				GCC_WARN_UNINITIALIZED_AUTOS = YES;
				GCC_WARN_UNUSED_FUNCTION = YES;
				GCC_WARN_UNUSED_VARIABLE = YES;
				IPHONEOS_DEPLOYMENT_TARGET = 12;
				ONLY_ACTIVE_ARCH = YES;
				SDKROOT = iphoneos;
				SKIP_INSTALL = NO;
				WK_WEB_VIEW_ONLY = 1;
			};
			name = Debug;
		};
		C01FCF5008A954540054247B /* Release */ = {
			isa = XCBuildConfiguration;
			baseConfigurationReference = 3047A5111AB8059700498E2A /* build.xcconfig */;
			buildSettings = {
				CLANG_ANALYZER_LOCALIZABILITY_NONLOCALIZED = YES;
				CLANG_ENABLE_MODULES = YES;
				CLANG_ENABLE_OBJC_ARC = YES;
				CLANG_WARN_BLOCK_CAPTURE_AUTORELEASING = YES;
				CLANG_WARN_BOOL_CONVERSION = YES;
				CLANG_WARN_COMMA = YES;
				CLANG_WARN_CONSTANT_CONVERSION = YES;
				CLANG_WARN_DEPRECATED_OBJC_IMPLEMENTATIONS = YES;
				CLANG_WARN_EMPTY_BODY = YES;
				CLANG_WARN_ENUM_CONVERSION = YES;
				CLANG_WARN_INFINITE_RECURSION = YES;
				CLANG_WARN_INT_CONVERSION = YES;
				CLANG_WARN_NON_LITERAL_NULL_CONVERSION = YES;
				CLANG_WARN_OBJC_IMPLICIT_RETAIN_SELF = YES;
				CLANG_WARN_OBJC_LITERAL_CONVERSION = YES;
				CLANG_WARN_RANGE_LOOP_ANALYSIS = YES;
				CLANG_WARN_STRICT_PROTOTYPES = YES;
				CLANG_WARN_SUSPICIOUS_MOVE = YES;
				CLANG_WARN_UNREACHABLE_CODE = YES;
				CLANG_WARN__DUPLICATE_METHOD_MATCH = YES;
				CODE_SIGN_ENTITLEMENTS = "Lisa Obesidade/Resources/Lisa Obesidade.entitlements";
				ENABLE_STRICT_OBJC_MSGSEND = YES;
				GCC_C_LANGUAGE_STANDARD = c99;
				GCC_NO_COMMON_BLOCKS = YES;
				GCC_THUMB_SUPPORT = NO;
				GCC_VERSION = "";
				GCC_WARN_64_TO_32_BIT_CONVERSION = YES;
				GCC_WARN_ABOUT_RETURN_TYPE = YES;
				GCC_WARN_UNDECLARED_SELECTOR = YES;
				GCC_WARN_UNINITIALIZED_AUTOS = YES;
				GCC_WARN_UNUSED_FUNCTION = YES;
				GCC_WARN_UNUSED_VARIABLE = YES;
				IPHONEOS_DEPLOYMENT_TARGET = 12;
				SDKROOT = iphoneos;
				SKIP_INSTALL = NO;
				WK_WEB_VIEW_ONLY = 1;
			};
			name = Release;
		};
/* End XCBuildConfiguration section */

/* Begin XCConfigurationList section */
		1D6058960D05DD3E006BFB54 /* Build configuration list for PBXNativeTarget "Lisa Obesidade" */ = {
			isa = XCConfigurationList;
			buildConfigurations = (
				1D6058940D05DD3E006BFB54 /* Debug */,
				1D6058950D05DD3E006BFB54 /* Release */,
			);
			defaultConfigurationIsVisible = 0;
			defaultConfigurationName = Release;
		};
		C01FCF4E08A954540054247B /* Build configuration list for PBXProject "Lisa Obesidade" */ = {
			isa = XCConfigurationList;
			buildConfigurations = (
				C01FCF4F08A954540054247B /* Debug */,
				C01FCF5008A954540054247B /* Release */,
			);
			defaultConfigurationIsVisible = 0;
			defaultConfigurationName = Release;
		};
/* End XCConfigurationList section */
	};
	rootObject = 29B97313FDCFA39411CA2CEA /* Project object */;
}
